# This file is automatically @generated by Cargo.
# It is not intended for manual editing.
version = 4

[[package]]
name = "anyhow"
version = "1.0.102"
source = "registry+https://github.com/rust-lang/crates.io-index"
checksum = "7f202df86484c868dbad7eaa557ef785d5c66295e41b460ef922eca0723b842c"

[[package]]
name = "libmpv2"
version = "5.0.3"
source = "registry+https://github.com/rust-lang/crates.io-index"
checksum = "88dc8432d3de09ed6e343488d6b208467db6801fb41971a1f726fa2248302fe5"
dependencies = [
 "libmpv2-sys",
]

[[package]]
name = "libmpv2-sys"
version = "4.0.1"
source = "registry+https://github.com/rust-lang/crates.io-index"
checksum = "edb32cabe7176b7d270b0dca6ff418b75187ae8d3854423e3d06fbff376841e4"

[[package]]
name = "playku"
version = "0.1.0"
dependencies = [
 "anyhow",
 "libmpv2",
]
